
Microsoft Visual Studio Solution File, Format Version 12.00
# Visual Studio Version 16
VisualStudioVersion = 16.0.29709.97
MinimumVisualStudioVersion = 10.0.40219.1
Project("{FAE04EC0-301F-11D3-BF4B-00C04F79EFBC}") = "WebProyectoCompila", "WebProyectoCompila\WebProyectoCompila.csproj", "{F1F7FD13-A30B-4554-99A7-5ABFD5FD4570}"
EndProject
Global
	GlobalSection(SolutionConfigurationPlatforms) = preSolution
		Debug|Any CPU = Debug|Any CPU
		Release|Any CPU = Release|Any CPU
	EndGlobalSection
	GlobalSection(ProjectConfigurationPlatforms) = postSolution
		{F1F7FD13-A30B-4554-99A7-5ABFD5FD4570}.Debug|Any CPU.ActiveCfg = Debug|Any CPU
		{F1F7FD13-A30B-4554-99A7-5ABFD5FD4570}.Debug|Any CPU.Build.0 = Debug|Any CPU
		{F1F7FD13-A30B-4554-99A7-5ABFD5FD4570}.Release|Any CPU.ActiveCfg = Release|Any CPU
		{F1F7FD13-A30B-4554-99A7-5ABFD5FD4570}.Release|Any CPU.Build.0 = Release|Any CPU
	EndGlobalSection
	GlobalSection(SolutionProperties) = preSolution
		HideSolutionNode = FALSE
	EndGlobalSection
	GlobalSection(ExtensibilityGlobals) = postSolution
		SolutionGuid = {A4DB1F8C-EA4C-4C44-91B7-38ED276D4832}
	EndGlobalSection
EndGlobal
